
Microsoft Visual Studio Solution File, Format Version 12.00
# Visual Studio Version 16
VisualStudioVersion = 16.0.30225.117
MinimumVisualStudioVersion = 10.0.40219.1
Project("{FAE04EC0-301F-11D3-BF4B-00C04F79EFBC}") = "Calculos", "Calculos\Calculos.csproj", "{C6CC00D2-A9DC-47BA-AF6B-1C2ACEF92B76}"
EndProject
Global
	GlobalSection(SolutionConfigurationPlatforms) = preSolution
		Debug|Any CPU = Debug|Any CPU
		Release|Any CPU = Release|Any CPU
	EndGlobalSection
	GlobalSection(ProjectConfigurationPlatforms) = postSolution
		{C6CC00D2-A9DC-47BA-AF6B-1C2ACEF92B76}.Debug|Any CPU.ActiveCfg = Debug|Any CPU
		{C6CC00D2-A9DC-47BA-AF6B-1C2ACEF92B76}.Debug|Any CPU.Build.0 = Debug|Any CPU
		{C6CC00D2-A9DC-47BA-AF6B-1C2ACEF92B76}.Release|Any CPU.ActiveCfg = Release|Any CPU
		{C6CC00D2-A9DC-47BA-AF6B-1C2ACEF92B76}.Release|Any CPU.Build.0 = Release|Any CPU
	EndGlobalSection
	GlobalSection(SolutionProperties) = preSolution
		HideSolutionNode = FALSE
	EndGlobalSection
	GlobalSection(ExtensibilityGlobals) = postSolution
		SolutionGuid = {986A71A8-2406-4CC4-9316-303E40E4558E}
	EndGlobalSection
EndGlobal
